# THIS IS AN AUTOGENERATED FILE. DO NOT EDIT THIS FILE DIRECTLY.
# yarn lockfile v1


standardjs@^1.0.0-alpha:
  version "1.0.0-alpha"
  resolved "https://registry.yarnpkg.com/standardjs/-/standardjs-1.0.0-alpha.tgz#179174133be70ee6bd25f5a6e4ccc6ebfb942306"
  integrity sha1-F5F0EzvnDua9JfWm5MzG6/uUIwY=
